
Microsoft Visual Studio Solution File, Format Version 12.00
# Visual Studio 15
VisualStudioVersion = 15.0.28307.645
MinimumVisualStudioVersion = 10.0.40219.1
Project("{8BC9CEB8-8B4A-11D0-8D11-00A0C91BC942}") = "Project1", "Project1\Project1.vcxproj", "{6BA24B45-B296-40E5-AE86-7D511142A60D}"
EndProject
Project("{8BC9CEB8-8B4A-11D0-8D11-00A0C91BC942}") = "keylistenerdll", "..\keylistenerdll\keylistenerdll\keylistenerdll.vcxproj", "{20239E72-F3CD-4DB6-A5DA-E733714FE3BF}"
EndProject
Global
	GlobalSection(SolutionConfigurationPlatforms) = preSolution
		Debug|x64 = Debug|x64
		Debug|x86 = Debug|x86
		Release|x64 = Release|x64
		Release|x86 = Release|x86
	EndGlobalSection
	GlobalSection(ProjectConfigurationPlatforms) = postSolution
		{6BA24B45-B296-40E5-AE86-7D511142A60D}.Debug|x64.ActiveCfg = Debug|x64
		{6BA24B45-B296-40E5-AE86-7D511142A60D}.Debug|x64.Build.0 = Debug|x64
		{6BA24B45-B296-40E5-AE86-7D511142A60D}.Debug|x86.ActiveCfg = Debug|Win32
		{6BA24B45-B296-40E5-AE86-7D511142A60D}.Debug|x86.Build.0 = Debug|Win32
		{6BA24B45-B296-40E5-AE86-7D511142A60D}.Release|x64.ActiveCfg = Release|x64
		{6BA24B45-B296-40E5-AE86-7D511142A60D}.Release|x64.Build.0 = Release|x64
		{6BA24B45-B296-40E5-AE86-7D511142A60D}.Release|x86.ActiveCfg = Release|Win32
		{6BA24B45-B296-40E5-AE86-7D511142A60D}.Release|x86.Build.0 = Release|Win32
		{20239E72-F3CD-4DB6-A5DA-E733714FE3BF}.Debug|x64.ActiveCfg = Debug|x64
		{20239E72-F3CD-4DB6-A5DA-E733714FE3BF}.Debug|x64.Build.0 = Debug|x64
		{20239E72-F3CD-4DB6-A5DA-E733714FE3BF}.Debug|x86.ActiveCfg = Release|Win32
		{20239E72-F3CD-4DB6-A5DA-E733714FE3BF}.Debug|x86.Build.0 = Release|Win32
		{20239E72-F3CD-4DB6-A5DA-E733714FE3BF}.Release|x64.ActiveCfg = Release|x64
		{20239E72-F3CD-4DB6-A5DA-E733714FE3BF}.Release|x64.Build.0 = Release|x64
		{20239E72-F3CD-4DB6-A5DA-E733714FE3BF}.Release|x86.ActiveCfg = Release|Win32
		{20239E72-F3CD-4DB6-A5DA-E733714FE3BF}.Release|x86.Build.0 = Release|Win32
	EndGlobalSection
	GlobalSection(SolutionProperties) = preSolution
		HideSolutionNode = FALSE
	EndGlobalSection
	GlobalSection(ExtensibilityGlobals) = postSolution
		SolutionGuid = {5615A036-3A01-4EE2-82E3-0F2D14217519}
	EndGlobalSection
EndGlobal
